
Microsoft Visual Studio Solution File, Format Version 11.00
# Visual Studio 2010
Project("{FAE04EC0-301F-11D3-BF4B-00C04F79EFBC}") = "Gibbed.Infantry.DecompileLVL", "Gibbed.Infantry.DecompileLVL\Gibbed.Infantry.DecompileLVL.csproj", "{80C1D733-27DE-40C5-BE5D-F2292DA67387}"
EndProject
Project("{FAE04EC0-301F-11D3-BF4B-00C04F79EFBC}") = "NDesk.Options", "NDesk.Options\NDesk.Options.csproj", "{C98A6CD6-9422-4B35-8B7A-F520D75534D1}"
EndProject
Project("{FAE04EC0-301F-11D3-BF4B-00C04F79EFBC}") = "Gibbed.Helpers", "Gibbed.Helpers\Gibbed.Helpers.csproj", "{5162A9FB-4DE1-4BBF-B7A2-5E8116AB0D26}"
EndProject
Project("{FAE04EC0-301F-11D3-BF4B-00C04F79EFBC}") = "Gibbed.Infantry.FileFormats", "Gibbed.Infantry.FileFormats\Gibbed.Infantry.FileFormats.csproj", "{C2E5D029-0766-4D2E-A559-CB74A800D204}"
EndProject
Project("{FAE04EC0-301F-11D3-BF4B-00C04F79EFBC}") = "GenerateBLOTable", "GenerateBLOTable\GenerateBLOTable.csproj", "{B7860C88-BC7E-4084-8466-FD391EEBBEA9}"
EndProject
Global
	GlobalSection(SolutionConfigurationPlatforms) = preSolution
		Debug|Any CPU = Debug|Any CPU
		Debug|Mixed Platforms = Debug|Mixed Platforms
		Debug|x86 = Debug|x86
		Release|Any CPU = Release|Any CPU
		Release|Mixed Platforms = Release|Mixed Platforms
		Release|x86 = Release|x86
	EndGlobalSection
	GlobalSection(ProjectConfigurationPlatforms) = postSolution
		{80C1D733-27DE-40C5-BE5D-F2292DA67387}.Debug|Any CPU.ActiveCfg = Debug|x86
		{80C1D733-27DE-40C5-BE5D-F2292DA67387}.Debug|Mixed Platforms.ActiveCfg = Debug|x86
		{80C1D733-27DE-40C5-BE5D-F2292DA67387}.Debug|Mixed Platforms.Build.0 = Debug|x86
		{80C1D733-27DE-40C5-BE5D-F2292DA67387}.Debug|x86.ActiveCfg = Debug|x86
		{80C1D733-27DE-40C5-BE5D-F2292DA67387}.Debug|x86.Build.0 = Debug|x86
		{80C1D733-27DE-40C5-BE5D-F2292DA67387}.Release|Any CPU.ActiveCfg = Release|x86
		{80C1D733-27DE-40C5-BE5D-F2292DA67387}.Release|Mixed Platforms.ActiveCfg = Release|x86
		{80C1D733-27DE-40C5-BE5D-F2292DA67387}.Release|Mixed Platforms.Build.0 = Release|x86
		{80C1D733-27DE-40C5-BE5D-F2292DA67387}.Release|x86.ActiveCfg = Release|x86
		{80C1D733-27DE-40C5-BE5D-F2292DA67387}.Release|x86.Build.0 = Release|x86
		{C98A6CD6-9422-4B35-8B7A-F520D75534D1}.Debug|Any CPU.ActiveCfg = Debug|Any CPU
		{C98A6CD6-9422-4B35-8B7A-F520D75534D1}.Debug|Any CPU.Build.0 = Debug|Any CPU
		{C98A6CD6-9422-4B35-8B7A-F520D75534D1}.Debug|Mixed Platforms.ActiveCfg = Debug|Any CPU
		{C98A6CD6-9422-4B35-8B7A-F520D75534D1}.Debug|Mixed Platforms.Build.0 = Debug|Any CPU
		{C98A6CD6-9422-4B35-8B7A-F520D75534D1}.Debug|x86.ActiveCfg = Debug|Any CPU
		{C98A6CD6-9422-4B35-8B7A-F520D75534D1}.Release|Any CPU.ActiveCfg = Release|Any CPU
		{C98A6CD6-9422-4B35-8B7A-F520D75534D1}.Release|Any CPU.Build.0 = Release|Any CPU
		{C98A6CD6-9422-4B35-8B7A-F520D75534D1}.Release|Mixed Platforms.ActiveCfg = Release|Any CPU
		{C98A6CD6-9422-4B35-8B7A-F520D75534D1}.Release|Mixed Platforms.Build.0 = Release|Any CPU
		{C98A6CD6-9422-4B35-8B7A-F520D75534D1}.Release|x86.ActiveCfg = Release|Any CPU
		{5162A9FB-4DE1-4BBF-B7A2-5E8116AB0D26}.Debug|Any CPU.ActiveCfg = Debug|Any CPU
		{5162A9FB-4DE1-4BBF-B7A2-5E8116AB0D26}.Debug|Any CPU.Build.0 = Debug|Any CPU
		{5162A9FB-4DE1-4BBF-B7A2-5E8116AB0D26}.Debug|Mixed Platforms.ActiveCfg = Debug|Any CPU
		{5162A9FB-4DE1-4BBF-B7A2-5E8116AB0D26}.Debug|Mixed Platforms.Build.0 = Debug|Any CPU
		{5162A9FB-4DE1-4BBF-B7A2-5E8116AB0D26}.Debug|x86.ActiveCfg = Debug|Any CPU
		{5162A9FB-4DE1-4BBF-B7A2-5E8116AB0D26}.Release|Any CPU.ActiveCfg = Release|Any CPU
		{5162A9FB-4DE1-4BBF-B7A2-5E8116AB0D26}.Release|Any CPU.Build.0 = Release|Any CPU
		{5162A9FB-4DE1-4BBF-B7A2-5E8116AB0D26}.Release|Mixed Platforms.ActiveCfg = Release|Any CPU
		{5162A9FB-4DE1-4BBF-B7A2-5E8116AB0D26}.Release|Mixed Platforms.Build.0 = Release|Any CPU
		{5162A9FB-4DE1-4BBF-B7A2-5E8116AB0D26}.Release|x86.ActiveCfg = Release|Any CPU
		{C2E5D029-0766-4D2E-A559-CB74A800D204}.Debug|Any CPU.ActiveCfg = Debug|Any CPU
		{C2E5D029-0766-4D2E-A559-CB74A800D204}.Debug|Any CPU.Build.0 = Debug|Any CPU
		{C2E5D029-0766-4D2E-A559-CB74A800D204}.Debug|Mixed Platforms.ActiveCfg = Debug|Any CPU
		{C2E5D029-0766-4D2E-A559-CB74A800D204}.Debug|Mixed Platforms.Build.0 = Debug|Any CPU
		{C2E5D029-0766-4D2E-A559-CB74A800D204}.Debug|x86.ActiveCfg = Debug|Any CPU
		{C2E5D029-0766-4D2E-A559-CB74A800D204}.Release|Any CPU.ActiveCfg = Release|Any CPU
		{C2E5D029-0766-4D2E-A559-CB74A800D204}.Release|Any CPU.Build.0 = Release|Any CPU
		{C2E5D029-0766-4D2E-A559-CB74A800D204}.Release|Mixed Platforms.ActiveCfg = Release|Any CPU
		{C2E5D029-0766-4D2E-A559-CB74A800D204}.Release|Mixed Platforms.Build.0 = Release|Any CPU
		{C2E5D029-0766-4D2E-A559-CB74A800D204}.Release|x86.ActiveCfg = Release|Any CPU
		{B7860C88-BC7E-4084-8466-FD391EEBBEA9}.Debug|Any CPU.ActiveCfg = Debug|x86
		{B7860C88-BC7E-4084-8466-FD391EEBBEA9}.Debug|Mixed Platforms.ActiveCfg = Debug|x86
		{B7860C88-BC7E-4084-8466-FD391EEBBEA9}.Debug|Mixed Platforms.Build.0 = Debug|x86
		{B7860C88-BC7E-4084-8466-FD391EEBBEA9}.Debug|x86.ActiveCfg = Debug|x86
		{B7860C88-BC7E-4084-8466-FD391EEBBEA9}.Debug|x86.Build.0 = Debug|x86
		{B7860C88-BC7E-4084-8466-FD391EEBBEA9}.Release|Any CPU.ActiveCfg = Release|x86
		{B7860C88-BC7E-4084-8466-FD391EEBBEA9}.Release|Mixed Platforms.ActiveCfg = Release|x86
		{B7860C88-BC7E-4084-8466-FD391EEBBEA9}.Release|Mixed Platforms.Build.0 = Release|x86
		{B7860C88-BC7E-4084-8466-FD391EEBBEA9}.Release|x86.ActiveCfg = Release|x86
		{B7860C88-BC7E-4084-8466-FD391EEBBEA9}.Release|x86.Build.0 = Release|x86
	EndGlobalSection
	GlobalSection(SolutionProperties) = preSolution
		HideSolutionNode = FALSE
	EndGlobalSection
EndGlobal
